
Microsoft Visual Studio Solution File, Format Version 12.00
# Visual Studio Version 17
VisualStudioVersion = 17.14.36616.10 d17.14
MinimumVisualStudioVersion = 10.0.40219.1
Project("{FAE04EC0-301F-11D3-BF4B-00C04F79EFBC}") = "SamuraiApp.Domain", "SamuraiApp.Domain\SamuraiApp.Domain.csproj", "{A669341B-64DF-4701-9EDE-9A3A7E14703F}"
EndProject
Project("{FAE04EC0-301F-11D3-BF4B-00C04F79EFBC}") = "SamuraiApp.Data", "SamuraiApp.Data\SamuraiApp.Data.csproj", "{F0ADEA92-F45D-4ADD-9C0F-15AB0EBF6F2F}"
EndProject
Global
	GlobalSection(SolutionConfigurationPlatforms) = preSolution
		Debug|Any CPU = Debug|Any CPU
		Release|Any CPU = Release|Any CPU
	EndGlobalSection
	GlobalSection(ProjectConfigurationPlatforms) = postSolution
		{A669341B-64DF-4701-9EDE-9A3A7E14703F}.Debug|Any CPU.ActiveCfg = Debug|Any CPU
		{A669341B-64DF-4701-9EDE-9A3A7E14703F}.Debug|Any CPU.Build.0 = Debug|Any CPU
		{A669341B-64DF-4701-9EDE-9A3A7E14703F}.Release|Any CPU.ActiveCfg = Release|Any CPU
		{A669341B-64DF-4701-9EDE-9A3A7E14703F}.Release|Any CPU.Build.0 = Release|Any CPU
		{F0ADEA92-F45D-4ADD-9C0F-15AB0EBF6F2F}.Debug|Any CPU.ActiveCfg = Debug|Any CPU
		{F0ADEA92-F45D-4ADD-9C0F-15AB0EBF6F2F}.Debug|Any CPU.Build.0 = Debug|Any CPU
		{F0ADEA92-F45D-4ADD-9C0F-15AB0EBF6F2F}.Release|Any CPU.ActiveCfg = Release|Any CPU
		{F0ADEA92-F45D-4ADD-9C0F-15AB0EBF6F2F}.Release|Any CPU.Build.0 = Release|Any CPU
	EndGlobalSection
	GlobalSection(SolutionProperties) = preSolution
		HideSolutionNode = FALSE
	EndGlobalSection
	GlobalSection(ExtensibilityGlobals) = postSolution
		SolutionGuid = {5C91D1AE-D08E-4F31-BE7A-B52E96765F01}
	EndGlobalSection
EndGlobal
